schema: '2.0'
stages:
  process_data:
    cmd: spark-submit src/process_data.py --input_path_train data/raw/train.csv 
      --input_path_test data/raw/test.csv --output_path data/processed
    deps:
    - path: data/raw
      hash: md5
      md5: d541f871e1606ddfad065b6df1d9a8f3.dir
      size: 90534
      nfiles: 5
    - path: src/process_data.py
      hash: md5
      md5: e634e75258a6c8fd28f7e3f380ed7112
      size: 3092
    outs:
    - path: data/processed
      hash: md5
      md5: 4d5f31894bea7285b4e5185c422c8505.dir
      size: 20932
      nfiles: 8
  train_model:
    cmd: spark-submit src/train_model.py --input_path data/processed 
      --output_path models/spark-logistic-regression
    deps:
    - path: data/processed
      hash: md5
      md5: 4d5f31894bea7285b4e5185c422c8505.dir
      size: 20932
      nfiles: 8
    - path: src/train_model.py
      hash: md5
      md5: 5975253657dbeccd8336b33e01251320
      size: 5143
    outs:
    - path: models
      hash: md5
      md5: 323d17e756794acba81032987e46f349.dir
      size: 63
      nfiles: 1
