schema: '2.0'
stages:
  process_data:
    cmd: spark-submit src/process_data.py --input_path_train data/raw/train.csv 
      --input_path_test data/raw/test.csv --output_path data/processed
    deps:
    - path: data/raw
      hash: md5
      md5: f18b03ef9f56c6b4258553691981a48e.dir
      size: 90002
      nfiles: 4
    - path: src/process_data.py
      hash: md5
      md5: e634e75258a6c8fd28f7e3f380ed7112
      size: 3092
    outs:
    - path: data/processed
      hash: md5
      md5: 2bfbdb22e77e0fe0dd823d0bbcc8c908.dir
      size: 20877
      nfiles: 8
  train_model:
    cmd: spark-submit src/train_model.py --input_path data/processed 
      --output_path models/spark-logistic-regression
    deps:
    - path: data/processed
      hash: md5
      md5: 2bfbdb22e77e0fe0dd823d0bbcc8c908.dir
      size: 20877
      nfiles: 8
    - path: src/train_model.py
      hash: md5
      md5: 4e7ba4e0efee4caefaf43c4a766f6970
      size: 2452
    outs:
    - path: models/spark-logistic-regression
      hash: md5
      md5: 2f0b16389fd907b68875ce1738707545.dir
      size: 5520
      nfiles: 8
